
Microsoft Visual Studio Solution File, Format Version 12.00
# Visual Studio Version 17
VisualStudioVersion = 17.11.35327.3
MinimumVisualStudioVersion = 10.0.40219.1
Project("{9A19103F-16F7-4668-BE54-9A1E7A4F7556}") = "Tasky.Web", "Tasky.Web\Tasky.Web.csproj", "{E9A9EEFB-D1FA-4969-9DED-AAC60391D3FF}"
EndProject
Project("{9A19103F-16F7-4668-BE54-9A1E7A4F7556}") = "Tasky.Logica", "Tasky.Logica\Tasky.Logica.csproj", "{9FA62C81-60FE-4274-B2E9-D385E85D179A}"
EndProject
Project("{9A19103F-16F7-4668-BE54-9A1E7A4F7556}") = "Tasky.Datos", "Tasky.Datos\Tasky.Datos.csproj", "{05FA1D79-6084-400A-A5FF-2A1478970F66}"
EndProject
Project("{2150E333-8FDC-42A3-9474-1A3956D46DE8}") = "Elementos de la solución", "Elementos de la solución", "{87649A76-7C74-42FE-926D-FD8BC47267E5}"
	ProjectSection(SolutionItems) = preProject
		.gitignore = .gitignore
	EndProjectSection
EndProject
Project("{FAE04EC0-301F-11D3-BF4B-00C04F79EFBC}") = "Tasky.Entidad", "Tasky.Entidad\Tasky.Entidad.csproj", "{A2251872-2D2E-4327-AF51-EE0255B2E821}"
EndProject
Global
	GlobalSection(SolutionConfigurationPlatforms) = preSolution
		Debug|Any CPU = Debug|Any CPU
		Release|Any CPU = Release|Any CPU
	EndGlobalSection
	GlobalSection(ProjectConfigurationPlatforms) = postSolution
		{E9A9EEFB-D1FA-4969-9DED-AAC60391D3FF}.Debug|Any CPU.ActiveCfg = Debug|Any CPU
		{E9A9EEFB-D1FA-4969-9DED-AAC60391D3FF}.Debug|Any CPU.Build.0 = Debug|Any CPU
		{E9A9EEFB-D1FA-4969-9DED-AAC60391D3FF}.Release|Any CPU.ActiveCfg = Release|Any CPU
		{E9A9EEFB-D1FA-4969-9DED-AAC60391D3FF}.Release|Any CPU.Build.0 = Release|Any CPU
		{9FA62C81-60FE-4274-B2E9-D385E85D179A}.Debug|Any CPU.ActiveCfg = Debug|Any CPU
		{9FA62C81-60FE-4274-B2E9-D385E85D179A}.Debug|Any CPU.Build.0 = Debug|Any CPU
		{9FA62C81-60FE-4274-B2E9-D385E85D179A}.Release|Any CPU.ActiveCfg = Release|Any CPU
		{9FA62C81-60FE-4274-B2E9-D385E85D179A}.Release|Any CPU.Build.0 = Release|Any CPU
		{05FA1D79-6084-400A-A5FF-2A1478970F66}.Debug|Any CPU.ActiveCfg = Debug|Any CPU
		{05FA1D79-6084-400A-A5FF-2A1478970F66}.Debug|Any CPU.Build.0 = Debug|Any CPU
		{05FA1D79-6084-400A-A5FF-2A1478970F66}.Release|Any CPU.ActiveCfg = Release|Any CPU
		{05FA1D79-6084-400A-A5FF-2A1478970F66}.Release|Any CPU.Build.0 = Release|Any CPU
		{A2251872-2D2E-4327-AF51-EE0255B2E821}.Debug|Any CPU.ActiveCfg = Debug|Any CPU
		{A2251872-2D2E-4327-AF51-EE0255B2E821}.Debug|Any CPU.Build.0 = Debug|Any CPU
		{A2251872-2D2E-4327-AF51-EE0255B2E821}.Release|Any CPU.ActiveCfg = Release|Any CPU
		{A2251872-2D2E-4327-AF51-EE0255B2E821}.Release|Any CPU.Build.0 = Release|Any CPU
	EndGlobalSection
	GlobalSection(SolutionProperties) = preSolution
		HideSolutionNode = FALSE
	EndGlobalSection
	GlobalSection(ExtensibilityGlobals) = postSolution
		SolutionGuid = {E0F5B6DB-4B7A-4356-B31E-38E5BE7FB510}
	EndGlobalSection
EndGlobal
